
Microsoft Visual Studio Solution File, Format Version 12.00
# Visual Studio Version 17
VisualStudioVersion = 17.7.34031.279
MinimumVisualStudioVersion = 10.0.40219.1
Project("{8BC9CEB8-8B4A-11D0-8D11-00A0C91BC942}") = "lab 2.1", "lab 2.1\lab 2.1.vcxproj", "{435DAD93-AF75-4413-9B0F-09B540CFADA4}"
EndProject
Project("{8BC9CEB8-8B4A-11D0-8D11-00A0C91BC942}") = "UnitTest1", "UnitTest1\UnitTest1.vcxproj", "{0F572C3E-E8E4-4C66-BA9A-2428FCDFE22E}"
EndProject
Global
	GlobalSection(SolutionConfigurationPlatforms) = preSolution
		Debug|x64 = Debug|x64
		Debug|x86 = Debug|x86
		Release|x64 = Release|x64
		Release|x86 = Release|x86
	EndGlobalSection
	GlobalSection(ProjectConfigurationPlatforms) = postSolution
		{435DAD93-AF75-4413-9B0F-09B540CFADA4}.Debug|x64.ActiveCfg = Debug|x64
		{435DAD93-AF75-4413-9B0F-09B540CFADA4}.Debug|x64.Build.0 = Debug|x64
		{435DAD93-AF75-4413-9B0F-09B540CFADA4}.Debug|x86.ActiveCfg = Debug|Win32
		{435DAD93-AF75-4413-9B0F-09B540CFADA4}.Debug|x86.Build.0 = Debug|Win32
		{435DAD93-AF75-4413-9B0F-09B540CFADA4}.Release|x64.ActiveCfg = Release|x64
		{435DAD93-AF75-4413-9B0F-09B540CFADA4}.Release|x64.Build.0 = Release|x64
		{435DAD93-AF75-4413-9B0F-09B540CFADA4}.Release|x86.ActiveCfg = Release|Win32
		{435DAD93-AF75-4413-9B0F-09B540CFADA4}.Release|x86.Build.0 = Release|Win32
		{0F572C3E-E8E4-4C66-BA9A-2428FCDFE22E}.Debug|x64.ActiveCfg = Debug|x64
		{0F572C3E-E8E4-4C66-BA9A-2428FCDFE22E}.Debug|x64.Build.0 = Debug|x64
		{0F572C3E-E8E4-4C66-BA9A-2428FCDFE22E}.Debug|x86.ActiveCfg = Debug|Win32
		{0F572C3E-E8E4-4C66-BA9A-2428FCDFE22E}.Debug|x86.Build.0 = Debug|Win32
		{0F572C3E-E8E4-4C66-BA9A-2428FCDFE22E}.Release|x64.ActiveCfg = Release|x64
		{0F572C3E-E8E4-4C66-BA9A-2428FCDFE22E}.Release|x64.Build.0 = Release|x64
		{0F572C3E-E8E4-4C66-BA9A-2428FCDFE22E}.Release|x86.ActiveCfg = Release|Win32
		{0F572C3E-E8E4-4C66-BA9A-2428FCDFE22E}.Release|x86.Build.0 = Release|Win32
	EndGlobalSection
	GlobalSection(SolutionProperties) = preSolution
		HideSolutionNode = FALSE
	EndGlobalSection
	GlobalSection(ExtensibilityGlobals) = postSolution
		SolutionGuid = {403AEF69-0818-475B-8DE1-15B27CCB5142}
	EndGlobalSection
EndGlobal
